{
  "name": "email-gateway",
  "version": "1.0.0",
  "lockfileVersion": 1,
  "requires": true,
  "dependencies": {
    "@opuscapita/cache": {
      "version": "1.0.12",
      "resolved": "https://registry.npmjs.org/@opuscapita/cache/-/cache-1.0.12.tgz",
      "integrity": "sha512-zT84IR40QmvZnT1mdzqIuHJvgKQNN75WnPwOb7IO/l6lOIwSV6nBric9XxUQ+QTwi3cgdp7Yi7T9SRtGwOjlpA==",
      "requires": {
        "@opuscapita/config": "^3.0.16",
        "bluebird": "^3.5.1",
        "extend": "^3.0.1",
        "node-cache": "^4.2.0",
        "redis": "^2.8.0"
      },
      "dependencies": {
        "@opuscapita/config": {
          "version": "3.0.22",
          "resolved": "https://registry.npmjs.org/@opuscapita/config/-/config-3.0.22.tgz",
          "integrity": "sha512-jCtuNJCEBMBgZYlc1F7oexAyJnYQgJ4NaV5yr94MozaLi6+MeyMUdc9M4/S3osHQckjlk8S+Y/L6mY912bsrhQ==",
          "requires": {
            "@opuscapita/cache": "^1.0.10",
            "@opuscapita/logger": "^1.0.13",
            "bluebird": "~3.5.1",
            "bluebird-retry": "~0.11.0",
            "consul": "^0.34.0",
            "extend": "~3.0.1"
          }
        },
        "@opuscapita/logger": {
          "version": "1.0.13",
          "resolved": "https://registry.npmjs.org/@opuscapita/logger/-/logger-1.0.13.tgz",
          "integrity": "sha512-nqM8jS4orPSRTcbTjQkJQslXjVreqrognCNQQBg9XLQDSQsAaGdnVc7t4mxY8Y+XB7Xuti+RDzhdCu0TaoGIWA==",
          "requires": {
            "extend": "^3.0.2"
          }
        }
      }
    },
    "@opuscapita/kafka-client": {
      "version": "1.0.10",
      "resolved": "https://registry.npmjs.org/@opuscapita/kafka-client/-/kafka-client-1.0.10.tgz",
      "integrity": "sha512-J5p6B/HCVsnrd/DdGNtVU18LU0wEs1Ny5H4ylbe8dhokzJ7BWb0FcY5Lvrke67oGn0xkazvPlaIZ6ADazRVP5g==",
      "requires": {
        "@opuscapita/config": "^3.0.16",
        "extend": "^3.0.2",
        "kafkajs": "^1.10.0",
        "ocbesbn-logger": "^1.0.11"
      },
      "dependencies": {
        "@opuscapita/config": {
          "version": "3.0.22",
          "resolved": "https://registry.npmjs.org/@opuscapita/config/-/config-3.0.22.tgz",
          "integrity": "sha512-jCtuNJCEBMBgZYlc1F7oexAyJnYQgJ4NaV5yr94MozaLi6+MeyMUdc9M4/S3osHQckjlk8S+Y/L6mY912bsrhQ==",
          "requires": {
            "@opuscapita/cache": "^1.0.10",
            "@opuscapita/logger": "^1.0.13",
            "bluebird": "~3.5.1",
            "bluebird-retry": "~0.11.0",
            "consul": "^0.34.0",
            "extend": "~3.0.1"
          }
        },
        "@opuscapita/logger": {
          "version": "1.0.13",
          "resolved": "https://registry.npmjs.org/@opuscapita/logger/-/logger-1.0.13.tgz",
          "integrity": "sha512-nqM8jS4orPSRTcbTjQkJQslXjVreqrognCNQQBg9XLQDSQsAaGdnVc7t4mxY8Y+XB7Xuti+RDzhdCu0TaoGIWA==",
          "requires": {
            "extend": "^3.0.2"
          }
        }
      }
    },
    "bluebird": {
      "version": "3.5.5",
      "resolved": "https://registry.npmjs.org/bluebird/-/bluebird-3.5.5.tgz",
      "integrity": "sha512-5am6HnnfN+urzt4yfg7IgTbotDjIT/u8AJpEt0sIU9FtXfVeezXAPKswrG+xKUCOYAINpSdgZVDU6QFh+cuH3w=="
    },
    "bluebird-retry": {
      "version": "0.11.0",
      "resolved": "https://registry.npmjs.org/bluebird-retry/-/bluebird-retry-0.11.0.tgz",
      "integrity": "sha1-EomrIsu8OgJYe6rTVZU1HdDBwEc="
    },
    "clone": {
      "version": "2.1.2",
      "resolved": "https://registry.npmjs.org/clone/-/clone-2.1.2.tgz",
      "integrity": "sha1-G39Ln1kfHo+DZwQBYANFoCiHQ18="
    },
    "consul": {
      "version": "0.34.1",
      "resolved": "https://registry.npmjs.org/consul/-/consul-0.34.1.tgz",
      "integrity": "sha512-xCLBzPQBgnDgC2LdYnrT/Fc6PglRU6u7EBkpW0ExAx3Am/CdtKcP5o/3jfwOy7PBAwBqnJk3AYdwwGg+arriiQ==",
      "requires": {
        "papi": "^0.29.0"
      }
    },
    "double-ended-queue": {
      "version": "2.1.0-0",
      "resolved": "https://registry.npmjs.org/double-ended-queue/-/double-ended-queue-2.1.0-0.tgz",
      "integrity": "sha1-ED01J/0xUo9AGIEwyEHv3XgmTlw="
    },
    "extend": {
      "version": "3.0.2",
      "resolved": "https://registry.npmjs.org/extend/-/extend-3.0.2.tgz",
      "integrity": "sha512-fjquC59cD7CyW6urNXK0FBufkZcoiGG80wTuPujX590cB5Ttln20E2UB4S/WARVqhXffZl2LNgS+gQdPIIim/g=="
    },
    "kafkajs": {
      "version": "1.10.0",
      "resolved": "https://registry.npmjs.org/kafkajs/-/kafkajs-1.10.0.tgz",
      "integrity": "sha512-af1kUKJrM3bIw2olGhjwhqHrVBVP9y79XRO/TAFE71dUzuVRrwoHJX8OQ3ebV0YZugA7J0oKHwW2DBY6A8BV0w==",
      "requires": {
        "long": "^4.0.0"
      }
    },
    "lodash": {
      "version": "4.17.15",
      "resolved": "https://registry.npmjs.org/lodash/-/lodash-4.17.15.tgz",
      "integrity": "sha512-8xOcRHvCjnocdS5cpwXQXVzmmh5e5+saE2QGoeQmbKmRS6J3VQppPOIt0MnmE+4xlZoumy0GPG0D0MVIQbNA1A=="
    },
    "long": {
      "version": "4.0.0",
      "resolved": "https://registry.npmjs.org/long/-/long-4.0.0.tgz",
      "integrity": "sha512-XsP+KhQif4bjX1kbuSiySJFNAehNxgLb6hPRGJ9QsUr8ajHkuXGdrHmFUTUUXhDwVX2R5bY4JNZEwbUiMhV+MA=="
    },
    "node-cache": {
      "version": "4.2.1",
      "resolved": "https://registry.npmjs.org/node-cache/-/node-cache-4.2.1.tgz",
      "integrity": "sha512-BOb67bWg2dTyax5kdef5WfU3X8xu4wPg+zHzkvls0Q/QpYycIFRLEEIdAx9Wma43DxG6Qzn4illdZoYseKWa4A==",
      "requires": {
        "clone": "2.x",
        "lodash": "^4.17.15"
      }
    },
    "ocbesbn-logger": {
      "version": "1.0.11",
      "resolved": "https://registry.npmjs.org/ocbesbn-logger/-/ocbesbn-logger-1.0.11.tgz",
      "integrity": "sha512-x2Q7+WdjKq3+zVWSVKE2kMxqXJ4RY+IzBOBS8tcQWfZt1jNbfZOVjrXLpaOH4fLDL4p4n++X/OeAkAvt4MsQxA==",
      "requires": {
        "extend": "^3.0.2"
      }
    },
    "papi": {
      "version": "0.29.1",
      "resolved": "https://registry.npmjs.org/papi/-/papi-0.29.1.tgz",
      "integrity": "sha512-Y9ipSMfWuuVFO3zY9PlxOmEg+bQ7CeJ28sa9/a0veYNynLf9fwjR3+3fld5otEy7okUaEOUuCHVH62MyTmACXQ=="
    },
    "redis": {
      "version": "2.8.0",
      "resolved": "https://registry.npmjs.org/redis/-/redis-2.8.0.tgz",
      "integrity": "sha512-M1OkonEQwtRmZv4tEWF2VgpG0JWJ8Fv1PhlgT5+B+uNq2cA3Rt1Yt/ryoR+vQNOQcIEgdCdfH0jr3bDpihAw1A==",
      "requires": {
        "double-ended-queue": "^2.1.0-0",
        "redis-commands": "^1.2.0",
        "redis-parser": "^2.6.0"
      }
    },
    "redis-commands": {
      "version": "1.5.0",
      "resolved": "https://registry.npmjs.org/redis-commands/-/redis-commands-1.5.0.tgz",
      "integrity": "sha512-6KxamqpZ468MeQC3bkWmCB1fp56XL64D4Kf0zJSwDZbVLLm7KFkoIcHrgRvQ+sk8dnhySs7+yBg94yIkAK7aJg=="
    },
    "redis-parser": {
      "version": "2.6.0",
      "resolved": "https://registry.npmjs.org/redis-parser/-/redis-parser-2.6.0.tgz",
      "integrity": "sha1-Uu0J2srBCPGmMcB+m2mUHnoZUEs="
    }
  }
}
